
Microsoft Visual Studio Solution File, Format Version 12.00
# Visual Studio Version 17
VisualStudioVersion = 17.6.33829.357
MinimumVisualStudioVersion = 10.0.40219.1
Project("{FAE04EC0-301F-11D3-BF4B-00C04F79EFBC}") = "Arbeitsspeicher - Jan Fiur", "Arbeitsspeicher - Jan Fiur\Arbeitsspeicher - Jan Fiur.csproj", "{AB60B52B-A9EE-4AA0-B14E-7783F1A09A0D}"
EndProject
Global
	GlobalSection(SolutionConfigurationPlatforms) = preSolution
		Debug|Any CPU = Debug|Any CPU
		Release|Any CPU = Release|Any CPU
	EndGlobalSection
	GlobalSection(ProjectConfigurationPlatforms) = postSolution
		{AB60B52B-A9EE-4AA0-B14E-7783F1A09A0D}.Debug|Any CPU.ActiveCfg = Debug|Any CPU
		{AB60B52B-A9EE-4AA0-B14E-7783F1A09A0D}.Debug|Any CPU.Build.0 = Debug|Any CPU
		{AB60B52B-A9EE-4AA0-B14E-7783F1A09A0D}.Release|Any CPU.ActiveCfg = Release|Any CPU
		{AB60B52B-A9EE-4AA0-B14E-7783F1A09A0D}.Release|Any CPU.Build.0 = Release|Any CPU
	EndGlobalSection
	GlobalSection(SolutionProperties) = preSolution
		HideSolutionNode = FALSE
	EndGlobalSection
	GlobalSection(ExtensibilityGlobals) = postSolution
		SolutionGuid = {90A1C5BE-B7AF-4AF0-B8A6-EDE212F5C0E5}
	EndGlobalSection
EndGlobal
