
Microsoft Visual Studio Solution File, Format Version 12.00
# Visual Studio Version 17
VisualStudioVersion = 17.13.35931.197 d17.13
MinimumVisualStudioVersion = 10.0.40219.1
Project("{FAE04EC0-301F-11D3-BF4B-00C04F79EFBC}") = "JSON Verschachtelt - Jan Fiur", "JSON Verschachtelt - Jan Fiur\JSON Verschachtelt - Jan Fiur.csproj", "{89270FF5-9D40-480D-A553-F2C71B938C17}"
EndProject
Global
	GlobalSection(SolutionConfigurationPlatforms) = preSolution
		Debug|Any CPU = Debug|Any CPU
		Release|Any CPU = Release|Any CPU
	EndGlobalSection
	GlobalSection(ProjectConfigurationPlatforms) = postSolution
		{89270FF5-9D40-480D-A553-F2C71B938C17}.Debug|Any CPU.ActiveCfg = Debug|Any CPU
		{89270FF5-9D40-480D-A553-F2C71B938C17}.Debug|Any CPU.Build.0 = Debug|Any CPU
		{89270FF5-9D40-480D-A553-F2C71B938C17}.Release|Any CPU.ActiveCfg = Release|Any CPU
		{89270FF5-9D40-480D-A553-F2C71B938C17}.Release|Any CPU.Build.0 = Release|Any CPU
	EndGlobalSection
	GlobalSection(SolutionProperties) = preSolution
		HideSolutionNode = FALSE
	EndGlobalSection
	GlobalSection(ExtensibilityGlobals) = postSolution
		SolutionGuid = {A0A19463-B3D7-45DE-BBD3-374C89B75868}
	EndGlobalSection
EndGlobal
