
Microsoft Visual Studio Solution File, Format Version 12.00
# Visual Studio Version 17
VisualStudioVersion = 17.13.35828.75 d17.13
MinimumVisualStudioVersion = 10.0.40219.1
Project("{FAE04EC0-301F-11D3-BF4B-00C04F79EFBC}") = "JsonCon - Jan Fiur", "JsonCon - Jan Fiur\JsonCon - Jan Fiur.csproj", "{D82B989C-3F01-4A34-871C-E7009143DD08}"
EndProject
Global
	GlobalSection(SolutionConfigurationPlatforms) = preSolution
		Debug|Any CPU = Debug|Any CPU
		Release|Any CPU = Release|Any CPU
	EndGlobalSection
	GlobalSection(ProjectConfigurationPlatforms) = postSolution
		{D82B989C-3F01-4A34-871C-E7009143DD08}.Debug|Any CPU.ActiveCfg = Debug|Any CPU
		{D82B989C-3F01-4A34-871C-E7009143DD08}.Debug|Any CPU.Build.0 = Debug|Any CPU
		{D82B989C-3F01-4A34-871C-E7009143DD08}.Release|Any CPU.ActiveCfg = Release|Any CPU
		{D82B989C-3F01-4A34-871C-E7009143DD08}.Release|Any CPU.Build.0 = Release|Any CPU
	EndGlobalSection
	GlobalSection(SolutionProperties) = preSolution
		HideSolutionNode = FALSE
	EndGlobalSection
	GlobalSection(ExtensibilityGlobals) = postSolution
		SolutionGuid = {3C410F1B-BF80-4DB8-A2A0-520F2A6F01E8}
	EndGlobalSection
EndGlobal
