
Microsoft Visual Studio Solution File, Format Version 12.00
# Visual Studio Version 17
VisualStudioVersion = 17.10.34928.147
MinimumVisualStudioVersion = 10.0.40219.1
Project("{FAE04EC0-301F-11D3-BF4B-00C04F79EFBC}") = "PM_BubbleSort", "PM_BubbleSort\PM_BubbleSort.csproj", "{B8C18739-AD17-4F8E-9A50-182CEF02981A}"
EndProject
Global
	GlobalSection(SolutionConfigurationPlatforms) = preSolution
		Debug|Any CPU = Debug|Any CPU
		Release|Any CPU = Release|Any CPU
	EndGlobalSection
	GlobalSection(ProjectConfigurationPlatforms) = postSolution
		{B8C18739-AD17-4F8E-9A50-182CEF02981A}.Debug|Any CPU.ActiveCfg = Debug|Any CPU
		{B8C18739-AD17-4F8E-9A50-182CEF02981A}.Debug|Any CPU.Build.0 = Debug|Any CPU
		{B8C18739-AD17-4F8E-9A50-182CEF02981A}.Release|Any CPU.ActiveCfg = Release|Any CPU
		{B8C18739-AD17-4F8E-9A50-182CEF02981A}.Release|Any CPU.Build.0 = Release|Any CPU
	EndGlobalSection
	GlobalSection(SolutionProperties) = preSolution
		HideSolutionNode = FALSE
	EndGlobalSection
	GlobalSection(ExtensibilityGlobals) = postSolution
		SolutionGuid = {7029DCC1-25C4-4BD7-BAEC-D7DFF4C5C337}
	EndGlobalSection
EndGlobal
