
Microsoft Visual Studio Solution File, Format Version 12.00
# Visual Studio Version 17
VisualStudioVersion = 17.0.32112.339
MinimumVisualStudioVersion = 10.0.40219.1
Project("{FAE04EC0-301F-11D3-BF4B-00C04F79EFBC}") = "CL_EinfuehrungOOP", "CL_EinfuehrungOOP\CL_EinfuehrungOOP.csproj", "{58FC38D7-6C72-4C0B-9960-D1348ADA7AEB}"
EndProject
Project("{FAE04EC0-301F-11D3-BF4B-00C04F79EFBC}") = "Con_Einfuehrung_OOP", "Con_Einfuehrung_OOP\Con_Einfuehrung_OOP.csproj", "{637AD141-AD47-4EAD-B68D-EB8A2A1C2917}"
EndProject
Global
	GlobalSection(SolutionConfigurationPlatforms) = preSolution
		Debug|Any CPU = Debug|Any CPU
		Release|Any CPU = Release|Any CPU
	EndGlobalSection
	GlobalSection(ProjectConfigurationPlatforms) = postSolution
		{58FC38D7-6C72-4C0B-9960-D1348ADA7AEB}.Debug|Any CPU.ActiveCfg = Debug|Any CPU
		{58FC38D7-6C72-4C0B-9960-D1348ADA7AEB}.Debug|Any CPU.Build.0 = Debug|Any CPU
		{58FC38D7-6C72-4C0B-9960-D1348ADA7AEB}.Release|Any CPU.ActiveCfg = Release|Any CPU
		{58FC38D7-6C72-4C0B-9960-D1348ADA7AEB}.Release|Any CPU.Build.0 = Release|Any CPU
		{637AD141-AD47-4EAD-B68D-EB8A2A1C2917}.Debug|Any CPU.ActiveCfg = Debug|Any CPU
		{637AD141-AD47-4EAD-B68D-EB8A2A1C2917}.Debug|Any CPU.Build.0 = Debug|Any CPU
		{637AD141-AD47-4EAD-B68D-EB8A2A1C2917}.Release|Any CPU.ActiveCfg = Release|Any CPU
		{637AD141-AD47-4EAD-B68D-EB8A2A1C2917}.Release|Any CPU.Build.0 = Release|Any CPU
	EndGlobalSection
	GlobalSection(SolutionProperties) = preSolution
		HideSolutionNode = FALSE
	EndGlobalSection
	GlobalSection(ExtensibilityGlobals) = postSolution
		SolutionGuid = {7372E6BB-B766-4341-8940-A61D4F86CB35}
	EndGlobalSection
EndGlobal
